// !$*UTF8*$!
{
	archiveVersion = 1;
	classes = {
	};
	objectVersion = 46;
	objects = {

/* Begin PBXBuildFile section */
		3A359A221DEAFF4C00D4F819 /* Store.m in Sources */ = {isa = PBXBuildFile; fileRef = 3A359A211DEAFF4C00D4F819 /* Store.m */; };
		3A359A241DEB018000D4F819 /* photo-data.bin in Resources */ = {isa = PBXBuildFile; fileRef = 3A359A231DEB018000D4F819 /* photo-data.bin */; };
		3A359A271DEB019500D4F819 /* Photo.m in Sources */ = {isa = PBXBuildFile; fileRef = 3A359A261DEB019500D4F819 /* Photo.m */; };
		3A359A2A1DEB024900D4F819 /* User.m in Sources */ = {isa = PBXBuildFile; fileRef = 3A359A291DEB024900D4F819 /* User.m */; };
		3A410D6F1DE82C9A00E19313 /* main.m in Sources */ = {isa = PBXBuildFile; fileRef = 3A410D6E1DE82C9A00E19313 /* main.m */; };
		3A410D721DE82C9A00E19313 /* AppDelegate.m in Sources */ = {isa = PBXBuildFile; fileRef = 3A410D711DE82C9A00E19313 /* AppDelegate.m */; };
		3A410D781DE82C9A00E19313 /* Main.storyboard in Resources */ = {isa = PBXBuildFile; fileRef = 3A410D761DE82C9A00E19313 /* Main.storyboard */; };
		3A410D7A1DE82C9A00E19313 /* Assets.xcassets in Resources */ = {isa = PBXBuildFile; fileRef = 3A410D791DE82C9A00E19313 /* Assets.xcassets */; };
		3A410D7D1DE82C9A00E19313 /* LaunchScreen.storyboard in Resources */ = {isa = PBXBuildFile; fileRef = 3A410D7B1DE82C9A00E19313 /* LaunchScreen.storyboard */; };
		3A410D881DE82C9A00E19313 /* Lighter_View_ControllerTests.m in Sources */ = {isa = PBXBuildFile; fileRef = 3A410D871DE82C9A00E19313 /* Lighter_View_ControllerTests.m */; };
		3A410D931DE82C9A00E19313 /* Lighter_View_ControllerUITests.m in Sources */ = {isa = PBXBuildFile; fileRef = 3A410D921DE82C9A00E19313 /* Lighter_View_ControllerUITests.m */; };
		3A410DA31DE82ED900E19313 /* PhotosViewController.m in Sources */ = {isa = PBXBuildFile; fileRef = 3A410DA11DE82ED900E19313 /* PhotosViewController.m */; };
		3A410DA41DE82ED900E19313 /* PhotosViewController.xib in Resources */ = {isa = PBXBuildFile; fileRef = 3A410DA21DE82ED900E19313 /* PhotosViewController.xib */; };
		3A410DA81DE8340B00E19313 /* KFArrayDataSource.m in Sources */ = {isa = PBXBuildFile; fileRef = 3A410DA71DE8340B00E19313 /* KFArrayDataSource.m */; };
		3A9B384F1DEBD6E2001BD63A /* PhotoCell.m in Sources */ = {isa = PBXBuildFile; fileRef = 3A9B384D1DEBD6E2001BD63A /* PhotoCell.m */; };
		3A9B38501DEBD6E2001BD63A /* PhotoCell.xib in Resources */ = {isa = PBXBuildFile; fileRef = 3A9B384E1DEBD6E2001BD63A /* PhotoCell.xib */; };
		3AA62DA91DED3538006A9465 /* photodata.bin in Resources */ = {isa = PBXBuildFile; fileRef = 3AA62DA81DED3538006A9465 /* photodata.bin */; };
		3AA62DAD1DED38B5006A9465 /* KFArrayDelegate.m in Sources */ = {isa = PBXBuildFile; fileRef = 3AA62DAC1DED38B5006A9465 /* KFArrayDelegate.m */; };
		3AF5B2EC1DEC625B00B8B7A4 /* PhotoCell+ConfigureForPhoto.m in Sources */ = {isa = PBXBuildFile; fileRef = 3AF5B2EB1DEC625B00B8B7A4 /* PhotoCell+ConfigureForPhoto.m */; };
		3AFE75B11DEE80940008FA79 /* PhotoViewController.m in Sources */ = {isa = PBXBuildFile; fileRef = 3AFE75AF1DEE80940008FA79 /* PhotoViewController.m */; };
		3AFE75B21DEE80940008FA79 /* PhotoViewController.xib in Resources */ = {isa = PBXBuildFile; fileRef = 3AFE75B01DEE80940008FA79 /* PhotoViewController.xib */; };
		3AFE75B61DEE84050008FA79 /* PhotoDetailViewController.m in Sources */ = {isa = PBXBuildFile; fileRef = 3AFE75B41DEE84050008FA79 /* PhotoDetailViewController.m */; };
		3AFE75B71DEE84050008FA79 /* PhotoDetailViewController.xib in Resources */ = {isa = PBXBuildFile; fileRef = 3AFE75B51DEE84050008FA79 /* PhotoDetailViewController.xib */; };
		3AFE75BB1DEE85BA0008FA79 /* PhotoDetailsViewController.m in Sources */ = {isa = PBXBuildFile; fileRef = 3AFE75B91DEE85BA0008FA79 /* PhotoDetailsViewController.m */; };
		3AFE75BC1DEE85BA0008FA79 /* PhotoDetailsViewController.xib in Resources */ = {isa = PBXBuildFile; fileRef = 3AFE75BA1DEE85BA0008FA79 /* PhotoDetailsViewController.xib */; };
/* End PBXBuildFile section */

/* Begin PBXContainerItemProxy section */
		3A410D841DE82C9A00E19313 /* PBXContainerItemProxy */ = {
			isa = PBXContainerItemProxy;
			containerPortal = 3A410D621DE82C9A00E19313 /* Project object */;
			proxyType = 1;
			remoteGlobalIDString = 3A410D691DE82C9A00E19313;
			remoteInfo = "Lighter-View-Controller";
		};
		3A410D8F1DE82C9A00E19313 /* PBXContainerItemProxy */ = {
			isa = PBXContainerItemProxy;
			containerPortal = 3A410D621DE82C9A00E19313 /* Project object */;
			proxyType = 1;
			remoteGlobalIDString = 3A410D691DE82C9A00E19313;
			remoteInfo = "Lighter-View-Controller";
		};
/* End PBXContainerItemProxy section */

/* Begin PBXFileReference section */
		3A359A201DEAFF4C00D4F819 /* Store.h */ = {isa = PBXFileReference; fileEncoding = 4; lastKnownFileType = sourcecode.c.h; path = Store.h; sourceTree = "<group>"; };
		3A359A211DEAFF4C00D4F819 /* Store.m */ = {isa = PBXFileReference; fileEncoding = 4; lastKnownFileType = sourcecode.c.objc; path = Store.m; sourceTree = "<group>"; };
		3A359A231DEB018000D4F819 /* photo-data.bin */ = {isa = PBXFileReference; lastKnownFileType = archive.macbinary; path = "photo-data.bin"; sourceTree = "<group>"; };
		3A359A251DEB019500D4F819 /* Photo.h */ = {isa = PBXFileReference; fileEncoding = 4; lastKnownFileType = sourcecode.c.h; path = Photo.h; sourceTree = "<group>"; };
		3A359A261DEB019500D4F819 /* Photo.m */ = {isa = PBXFileReference; fileEncoding = 4; lastKnownFileType = sourcecode.c.objc; path = Photo.m; sourceTree = "<group>"; };
		3A359A281DEB024900D4F819 /* User.h */ = {isa = PBXFileReference; fileEncoding = 4; lastKnownFileType = sourcecode.c.h; path = User.h; sourceTree = "<group>"; };
		3A359A291DEB024900D4F819 /* User.m */ = {isa = PBXFileReference; fileEncoding = 4; lastKnownFileType = sourcecode.c.objc; path = User.m; sourceTree = "<group>"; };
		3A410D6A1DE82C9A00E19313 /* Lighter-View-Controller.app */ = {isa = PBXFileReference; explicitFileType = wrapper.application; includeInIndex = 0; path = "Lighter-View-Controller.app"; sourceTree = BUILT_PRODUCTS_DIR; };
		3A410D6E1DE82C9A00E19313 /* main.m */ = {isa = PBXFileReference; lastKnownFileType = sourcecode.c.objc; path = main.m; sourceTree = "<group>"; };
		3A410D701DE82C9A00E19313 /* AppDelegate.h */ = {isa = PBXFileReference; lastKnownFileType = sourcecode.c.h; path = AppDelegate.h; sourceTree = "<group>"; };
		3A410D711DE82C9A00E19313 /* AppDelegate.m */ = {isa = PBXFileReference; lastKnownFileType = sourcecode.c.objc; path = AppDelegate.m; sourceTree = "<group>"; };
		3A410D771DE82C9A00E19313 /* Base */ = {isa = PBXFileReference; lastKnownFileType = file.storyboard; name = Base; path = Base.lproj/Main.storyboard; sourceTree = "<group>"; };
		3A410D791DE82C9A00E19313 /* Assets.xcassets */ = {isa = PBXFileReference; lastKnownFileType = folder.assetcatalog; path = Assets.xcassets; sourceTree = "<group>"; };
		3A410D7C1DE82C9A00E19313 /* Base */ = {isa = PBXFileReference; lastKnownFileType = file.storyboard; name = Base; path = Base.lproj/LaunchScreen.storyboard; sourceTree = "<group>"; };
		3A410D7E1DE82C9A00E19313 /* Info.plist */ = {isa = PBXFileReference; lastKnownFileType = text.plist.xml; path = Info.plist; sourceTree = "<group>"; };
		3A410D831DE82C9A00E19313 /* Lighter-View-ControllerTests.xctest */ = {isa = PBXFileReference; explicitFileType = wrapper.cfbundle; includeInIndex = 0; path = "Lighter-View-ControllerTests.xctest"; sourceTree = BUILT_PRODUCTS_DIR; };
		3A410D871DE82C9A00E19313 /* Lighter_View_ControllerTests.m */ = {isa = PBXFileReference; lastKnownFileType = sourcecode.c.objc; path = Lighter_View_ControllerTests.m; sourceTree = "<group>"; };
		3A410D891DE82C9A00E19313 /* Info.plist */ = {isa = PBXFileReference; lastKnownFileType = text.plist.xml; path = Info.plist; sourceTree = "<group>"; };
		3A410D8E1DE82C9A00E19313 /* Lighter-View-ControllerUITests.xctest */ = {isa = PBXFileReference; explicitFileType = wrapper.cfbundle; includeInIndex = 0; path = "Lighter-View-ControllerUITests.xctest"; sourceTree = BUILT_PRODUCTS_DIR; };
		3A410D921DE82C9A00E19313 /* Lighter_View_ControllerUITests.m */ = {isa = PBXFileReference; lastKnownFileType = sourcecode.c.objc; path = Lighter_View_ControllerUITests.m; sourceTree = "<group>"; };
		3A410D941DE82C9A00E19313 /* Info.plist */ = {isa = PBXFileReference; lastKnownFileType = text.plist.xml; path = Info.plist; sourceTree = "<group>"; };
		3A410DA01DE82ED900E19313 /* PhotosViewController.h */ = {isa = PBXFileReference; fileEncoding = 4; lastKnownFileType = sourcecode.c.h; path = PhotosViewController.h; sourceTree = "<group>"; };
		3A410DA11DE82ED900E19313 /* PhotosViewController.m */ = {isa = PBXFileReference; fileEncoding = 4; lastKnownFileType = sourcecode.c.objc; path = PhotosViewController.m; sourceTree = "<group>"; };
		3A410DA21DE82ED900E19313 /* PhotosViewController.xib */ = {isa = PBXFileReference; fileEncoding = 4; lastKnownFileType = file.xib; path = PhotosViewController.xib; sourceTree = "<group>"; };
		3A410DA61DE8340B00E19313 /* KFArrayDataSource.h */ = {isa = PBXFileReference; fileEncoding = 4; lastKnownFileType = sourcecode.c.h; path = KFArrayDataSource.h; sourceTree = "<group>"; };
		3A410DA71DE8340B00E19313 /* KFArrayDataSource.m */ = {isa = PBXFileReference; fileEncoding = 4; lastKnownFileType = sourcecode.c.objc; path = KFArrayDataSource.m; sourceTree = "<group>"; };
		3A410DAA1DE834A500E19313 /* PrefixHeader.pch */ = {isa = PBXFileReference; lastKnownFileType = sourcecode.c.h; path = PrefixHeader.pch; sourceTree = "<group>"; };
		3A9B384C1DEBD6E2001BD63A /* PhotoCell.h */ = {isa = PBXFileReference; fileEncoding = 4; lastKnownFileType = sourcecode.c.h; path = PhotoCell.h; sourceTree = "<group>"; };
		3A9B384D1DEBD6E2001BD63A /* PhotoCell.m */ = {isa = PBXFileReference; fileEncoding = 4; lastKnownFileType = sourcecode.c.objc; path = PhotoCell.m; sourceTree = "<group>"; };
		3A9B384E1DEBD6E2001BD63A /* PhotoCell.xib */ = {isa = PBXFileReference; fileEncoding = 4; lastKnownFileType = file.xib; path = PhotoCell.xib; sourceTree = "<group>"; };
		3AA62DA81DED3538006A9465 /* photodata.bin */ = {isa = PBXFileReference; lastKnownFileType = archive.macbinary; path = photodata.bin; sourceTree = "<group>"; };
		3AA62DAB1DED38B5006A9465 /* KFArrayDelegate.h */ = {isa = PBXFileReference; fileEncoding = 4; lastKnownFileType = sourcecode.c.h; path = KFArrayDelegate.h; sourceTree = "<group>"; };
		3AA62DAC1DED38B5006A9465 /* KFArrayDelegate.m */ = {isa = PBXFileReference; fileEncoding = 4; lastKnownFileType = sourcecode.c.objc; path = KFArrayDelegate.m; sourceTree = "<group>"; };
		3AF5B2EA1DEC625B00B8B7A4 /* PhotoCell+ConfigureForPhoto.h */ = {isa = PBXFileReference; fileEncoding = 4; lastKnownFileType = sourcecode.c.h; path = "PhotoCell+ConfigureForPhoto.h"; sourceTree = "<group>"; };
		3AF5B2EB1DEC625B00B8B7A4 /* PhotoCell+ConfigureForPhoto.m */ = {isa = PBXFileReference; fileEncoding = 4; lastKnownFileType = sourcecode.c.objc; path = "PhotoCell+ConfigureForPhoto.m"; sourceTree = "<group>"; };
		3AFE75AE1DEE80940008FA79 /* PhotoViewController.h */ = {isa = PBXFileReference; fileEncoding = 4; lastKnownFileType = sourcecode.c.h; path = PhotoViewController.h; sourceTree = "<group>"; };
		3AFE75AF1DEE80940008FA79 /* PhotoViewController.m */ = {isa = PBXFileReference; fileEncoding = 4; lastKnownFileType = sourcecode.c.objc; path = PhotoViewController.m; sourceTree = "<group>"; };
		3AFE75B01DEE80940008FA79 /* PhotoViewController.xib */ = {isa = PBXFileReference; fileEncoding = 4; lastKnownFileType = file.xib; path = PhotoViewController.xib; sourceTree = "<group>"; };
		3AFE75B31DEE84050008FA79 /* PhotoDetailViewController.h */ = {isa = PBXFileReference; fileEncoding = 4; lastKnownFileType = sourcecode.c.h; path = PhotoDetailViewController.h; sourceTree = "<group>"; };
		3AFE75B41DEE84050008FA79 /* PhotoDetailViewController.m */ = {isa = PBXFileReference; fileEncoding = 4; lastKnownFileType = sourcecode.c.objc; path = PhotoDetailViewController.m; sourceTree = "<group>"; };
		3AFE75B51DEE84050008FA79 /* PhotoDetailViewController.xib */ = {isa = PBXFileReference; fileEncoding = 4; lastKnownFileType = file.xib; path = PhotoDetailViewController.xib; sourceTree = "<group>"; };
		3AFE75B81DEE85BA0008FA79 /* PhotoDetailsViewController.h */ = {isa = PBXFileReference; fileEncoding = 4; lastKnownFileType = sourcecode.c.h; path = PhotoDetailsViewController.h; sourceTree = "<group>"; };
		3AFE75B91DEE85BA0008FA79 /* PhotoDetailsViewController.m */ = {isa = PBXFileReference; fileEncoding = 4; lastKnownFileType = sourcecode.c.objc; path = PhotoDetailsViewController.m; sourceTree = "<group>"; };
		3AFE75BA1DEE85BA0008FA79 /* PhotoDetailsViewController.xib */ = {isa = PBXFileReference; fileEncoding = 4; lastKnownFileType = file.xib; path = PhotoDetailsViewController.xib; sourceTree = "<group>"; };
/* End PBXFileReference section */

/* Begin PBXFrameworksBuildPhase section */
		3A410D671DE82C9A00E19313 /* Frameworks */ = {
			isa = PBXFrameworksBuildPhase;
			buildActionMask = 2147483647;
			files = (
			);
			runOnlyForDeploymentPostprocessing = 0;
		};
		3A410D801DE82C9A00E19313 /* Frameworks */ = {
			isa = PBXFrameworksBuildPhase;
			buildActionMask = 2147483647;
			files = (
			);
			runOnlyForDeploymentPostprocessing = 0;
		};
		3A410D8B1DE82C9A00E19313 /* Frameworks */ = {
			isa = PBXFrameworksBuildPhase;
			buildActionMask = 2147483647;
			files = (
			);
			runOnlyForDeploymentPostprocessing = 0;
		};
/* End PBXFrameworksBuildPhase section */

/* Begin PBXGroup section */
		3A359A1F1DEAFF2F00D4F819 /* Model */ = {
			isa = PBXGroup;
			children = (
				3AA62DA81DED3538006A9465 /* photodata.bin */,
				3A359A231DEB018000D4F819 /* photo-data.bin */,
				3A359A201DEAFF4C00D4F819 /* Store.h */,
				3A359A211DEAFF4C00D4F819 /* Store.m */,
				3A359A251DEB019500D4F819 /* Photo.h */,
				3A359A261DEB019500D4F819 /* Photo.m */,
				3A359A281DEB024900D4F819 /* User.h */,
				3A359A291DEB024900D4F819 /* User.m */,
			);
			path = Model;
			sourceTree = "<group>";
		};
		3A410D611DE82C9A00E19313 = {
			isa = PBXGroup;
			children = (
				3A410D6C1DE82C9A00E19313 /* Lighter-View-Controller */,
				3A410D861DE82C9A00E19313 /* Lighter-View-ControllerTests */,
				3A410D911DE82C9A00E19313 /* Lighter-View-ControllerUITests */,
				3A410D6B1DE82C9A00E19313 /* Products */,
			);
			sourceTree = "<group>";
		};
		3A410D6B1DE82C9A00E19313 /* Products */ = {
			isa = PBXGroup;
			children = (
				3A410D6A1DE82C9A00E19313 /* Lighter-View-Controller.app */,
				3A410D831DE82C9A00E19313 /* Lighter-View-ControllerTests.xctest */,
				3A410D8E1DE82C9A00E19313 /* Lighter-View-ControllerUITests.xctest */,
			);
			name = Products;
			sourceTree = "<group>";
		};
		3A410D6C1DE82C9A00E19313 /* Lighter-View-Controller */ = {
			isa = PBXGroup;
			children = (
				3AA62DAA1DED3888006A9465 /* UITableViewDelegate */,
				3A359A1F1DEAFF2F00D4F819 /* Model */,
				3A410DA91DE8349600E19313 /* Configs */,
				3A410DA51DE833AA00E19313 /* DataSource */,
				3A410D701DE82C9A00E19313 /* AppDelegate.h */,
				3A410D711DE82C9A00E19313 /* AppDelegate.m */,
				3A9B384C1DEBD6E2001BD63A /* PhotoCell.h */,
				3A9B384D1DEBD6E2001BD63A /* PhotoCell.m */,
				3A9B384E1DEBD6E2001BD63A /* PhotoCell.xib */,
				3AF5B2EA1DEC625B00B8B7A4 /* PhotoCell+ConfigureForPhoto.h */,
				3AF5B2EB1DEC625B00B8B7A4 /* PhotoCell+ConfigureForPhoto.m */,
				3A410DA01DE82ED900E19313 /* PhotosViewController.h */,
				3A410DA11DE82ED900E19313 /* PhotosViewController.m */,
				3A410DA21DE82ED900E19313 /* PhotosViewController.xib */,
				3AFE75AE1DEE80940008FA79 /* PhotoViewController.h */,
				3AFE75AF1DEE80940008FA79 /* PhotoViewController.m */,
				3AFE75B01DEE80940008FA79 /* PhotoViewController.xib */,
				3AFE75B81DEE85BA0008FA79 /* PhotoDetailsViewController.h */,
				3AFE75B91DEE85BA0008FA79 /* PhotoDetailsViewController.m */,
				3AFE75BA1DEE85BA0008FA79 /* PhotoDetailsViewController.xib */,
				3AFE75B31DEE84050008FA79 /* PhotoDetailViewController.h */,
				3AFE75B41DEE84050008FA79 /* PhotoDetailViewController.m */,
				3AFE75B51DEE84050008FA79 /* PhotoDetailViewController.xib */,
				3A410D761DE82C9A00E19313 /* Main.storyboard */,
				3A410D791DE82C9A00E19313 /* Assets.xcassets */,
				3A410D7B1DE82C9A00E19313 /* LaunchScreen.storyboard */,
				3A410D7E1DE82C9A00E19313 /* Info.plist */,
				3A410D6D1DE82C9A00E19313 /* Supporting Files */,
			);
			path = "Lighter-View-Controller";
			sourceTree = "<group>";
		};
		3A410D6D1DE82C9A00E19313 /* Supporting Files */ = {
			isa = PBXGroup;
			children = (
				3A410D6E1DE82C9A00E19313 /* main.m */,
			);
			name = "Supporting Files";
			sourceTree = "<group>";
		};
		3A410D861DE82C9A00E19313 /* Lighter-View-ControllerTests */ = {
			isa = PBXGroup;
			children = (
				3A410D871DE82C9A00E19313 /* Lighter_View_ControllerTests.m */,
				3A410D891DE82C9A00E19313 /* Info.plist */,
			);
			path = "Lighter-View-ControllerTests";
			sourceTree = "<group>";
		};
		3A410D911DE82C9A00E19313 /* Lighter-View-ControllerUITests */ = {
			isa = PBXGroup;
			children = (
				3A410D921DE82C9A00E19313 /* Lighter_View_ControllerUITests.m */,
				3A410D941DE82C9A00E19313 /* Info.plist */,
			);
			path = "Lighter-View-ControllerUITests";
			sourceTree = "<group>";
		};
		3A410DA51DE833AA00E19313 /* DataSource */ = {
			isa = PBXGroup;
			children = (
				3A410DA61DE8340B00E19313 /* KFArrayDataSource.h */,
				3A410DA71DE8340B00E19313 /* KFArrayDataSource.m */,
			);
			name = DataSource;
			sourceTree = "<group>";
		};
		3A410DA91DE8349600E19313 /* Configs */ = {
			isa = PBXGroup;
			children = (
				3A410DAA1DE834A500E19313 /* PrefixHeader.pch */,
			);
			path = Configs;
			sourceTree = "<group>";
		};
		3AA62DAA1DED3888006A9465 /* UITableViewDelegate */ = {
			isa = PBXGroup;
			children = (
				3AA62DAB1DED38B5006A9465 /* KFArrayDelegate.h */,
				3AA62DAC1DED38B5006A9465 /* KFArrayDelegate.m */,
			);
			path = UITableViewDelegate;
			sourceTree = "<group>";
		};
/* End PBXGroup section */

/* Begin PBXNativeTarget section */
		3A410D691DE82C9A00E19313 /* Lighter-View-Controller */ = {
			isa = PBXNativeTarget;
			buildConfigurationList = 3A410D971DE82C9A00E19313 /* Build configuration list for PBXNativeTarget "Lighter-View-Controller" */;
			buildPhases = (
				3A410D661DE82C9A00E19313 /* Sources */,
				3A410D671DE82C9A00E19313 /* Frameworks */,
				3A410D681DE82C9A00E19313 /* Resources */,
			);
			buildRules = (
			);
			dependencies = (
			);
			name = "Lighter-View-Controller";
			productName = "Lighter-View-Controller";
			productReference = 3A410D6A1DE82C9A00E19313 /* Lighter-View-Controller.app */;
			productType = "com.apple.product-type.application";
		};
		3A410D821DE82C9A00E19313 /* Lighter-View-ControllerTests */ = {
			isa = PBXNativeTarget;
			buildConfigurationList = 3A410D9A1DE82C9A00E19313 /* Build configuration list for PBXNativeTarget "Lighter-View-ControllerTests" */;
			buildPhases = (
				3A410D7F1DE82C9A00E19313 /* Sources */,
				3A410D801DE82C9A00E19313 /* Frameworks */,
				3A410D811DE82C9A00E19313 /* Resources */,
			);
			buildRules = (
			);
			dependencies = (
				3A410D851DE82C9A00E19313 /* PBXTargetDependency */,
			);
			name = "Lighter-View-ControllerTests";
			productName = "Lighter-View-ControllerTests";
			productReference = 3A410D831DE82C9A00E19313 /* Lighter-View-ControllerTests.xctest */;
			productType = "com.apple.product-type.bundle.unit-test";
		};
		3A410D8D1DE82C9A00E19313 /* Lighter-View-ControllerUITests */ = {
			isa = PBXNativeTarget;
			buildConfigurationList = 3A410D9D1DE82C9A00E19313 /* Build configuration list for PBXNativeTarget "Lighter-View-ControllerUITests" */;
			buildPhases = (
				3A410D8A1DE82C9A00E19313 /* Sources */,
				3A410D8B1DE82C9A00E19313 /* Frameworks */,
				3A410D8C1DE82C9A00E19313 /* Resources */,
			);
			buildRules = (
			);
			dependencies = (
				3A410D901DE82C9A00E19313 /* PBXTargetDependency */,
			);
			name = "Lighter-View-ControllerUITests";
			productName = "Lighter-View-ControllerUITests";
			productReference = 3A410D8E1DE82C9A00E19313 /* Lighter-View-ControllerUITests.xctest */;
			productType = "com.apple.product-type.bundle.ui-testing";
		};
/* End PBXNativeTarget section */

/* Begin PBXProject section */
		3A410D621DE82C9A00E19313 /* Project object */ = {
			isa = PBXProject;
			attributes = {
				LastUpgradeCheck = 0810;
				ORGANIZATIONNAME = KFallen;
				TargetAttributes = {
					3A410D691DE82C9A00E19313 = {
						CreatedOnToolsVersion = 8.1;
						DevelopmentTeam = E8MNXPQG5U;
						ProvisioningStyle = Automatic;
					};
					3A410D821DE82C9A00E19313 = {
						CreatedOnToolsVersion = 8.1;
						DevelopmentTeam = E8MNXPQG5U;
						ProvisioningStyle = Automatic;
						TestTargetID = 3A410D691DE82C9A00E19313;
					};
					3A410D8D1DE82C9A00E19313 = {
						CreatedOnToolsVersion = 8.1;
						DevelopmentTeam = E8MNXPQG5U;
						ProvisioningStyle = Automatic;
						TestTargetID = 3A410D691DE82C9A00E19313;
					};
				};
			};
			buildConfigurationList = 3A410D651DE82C9A00E19313 /* Build configuration list for PBXProject "Lighter-View-Controller" */;
			compatibilityVersion = "Xcode 3.2";
			developmentRegion = English;
			hasScannedForEncodings = 0;
			knownRegions = (
				en,
				Base,
			);
			mainGroup = 3A410D611DE82C9A00E19313;
			productRefGroup = 3A410D6B1DE82C9A00E19313 /* Products */;
			projectDirPath = "";
			projectRoot = "";
			targets = (
				3A410D691DE82C9A00E19313 /* Lighter-View-Controller */,
				3A410D821DE82C9A00E19313 /* Lighter-View-ControllerTests */,
				3A410D8D1DE82C9A00E19313 /* Lighter-View-ControllerUITests */,
			);
		};
/* End PBXProject section */

/* Begin PBXResourcesBuildPhase section */
		3A410D681DE82C9A00E19313 /* Resources */ = {
			isa = PBXResourcesBuildPhase;
			buildActionMask = 2147483647;
			files = (
				3A9B38501DEBD6E2001BD63A /* PhotoCell.xib in Resources */,
				3AFE75B21DEE80940008FA79 /* PhotoViewController.xib in Resources */,
				3A410D7D1DE82C9A00E19313 /* LaunchScreen.storyboard in Resources */,
				3A410DA41DE82ED900E19313 /* PhotosViewController.xib in Resources */,
				3A410D7A1DE82C9A00E19313 /* Assets.xcassets in Resources */,
				3A410D781DE82C9A00E19313 /* Main.storyboard in Resources */,
				3AFE75BC1DEE85BA0008FA79 /* PhotoDetailsViewController.xib in Resources */,
				3AFE75B71DEE84050008FA79 /* PhotoDetailViewController.xib in Resources */,
				3A359A241DEB018000D4F819 /* photo-data.bin in Resources */,
				3AA62DA91DED3538006A9465 /* photodata.bin in Resources */,
			);
			runOnlyForDeploymentPostprocessing = 0;
		};
		3A410D811DE82C9A00E19313 /* Resources */ = {
			isa = PBXResourcesBuildPhase;
			buildActionMask = 2147483647;
			files = (
			);
			runOnlyForDeploymentPostprocessing = 0;
		};
		3A410D8C1DE82C9A00E19313 /* Resources */ = {
			isa = PBXResourcesBuildPhase;
			buildActionMask = 2147483647;
			files = (
			);
			runOnlyForDeploymentPostprocessing = 0;
		};
/* End PBXResourcesBuildPhase section */

/* Begin PBXSourcesBuildPhase section */
		3A410D661DE82C9A00E19313 /* Sources */ = {
			isa = PBXSourcesBuildPhase;
			buildActionMask = 2147483647;
			files = (
				3A9B384F1DEBD6E2001BD63A /* PhotoCell.m in Sources */,
				3AA62DAD1DED38B5006A9465 /* KFArrayDelegate.m in Sources */,
				3A359A271DEB019500D4F819 /* Photo.m in Sources */,
				3A359A2A1DEB024900D4F819 /* User.m in Sources */,
				3AF5B2EC1DEC625B00B8B7A4 /* PhotoCell+ConfigureForPhoto.m in Sources */,
				3A410D721DE82C9A00E19313 /* AppDelegate.m in Sources */,
				3A410DA81DE8340B00E19313 /* KFArrayDataSource.m in Sources */,
				3AFE75BB1DEE85BA0008FA79 /* PhotoDetailsViewController.m in Sources */,
				3A410DA31DE82ED900E19313 /* PhotosViewController.m in Sources */,
				3A359A221DEAFF4C00D4F819 /* Store.m in Sources */,
				3AFE75B11DEE80940008FA79 /* PhotoViewController.m in Sources */,
				3AFE75B61DEE84050008FA79 /* PhotoDetailViewController.m in Sources */,
				3A410D6F1DE82C9A00E19313 /* main.m in Sources */,
			);
			runOnlyForDeploymentPostprocessing = 0;
		};
		3A410D7F1DE82C9A00E19313 /* Sources */ = {
			isa = PBXSourcesBuildPhase;
			buildActionMask = 2147483647;
			files = (
				3A410D881DE82C9A00E19313 /* Lighter_View_ControllerTests.m in Sources */,
			);
			runOnlyForDeploymentPostprocessing = 0;
		};
		3A410D8A1DE82C9A00E19313 /* Sources */ = {
			isa = PBXSourcesBuildPhase;
			buildActionMask = 2147483647;
			files = (
				3A410D931DE82C9A00E19313 /* Lighter_View_ControllerUITests.m in Sources */,
			);
			runOnlyForDeploymentPostprocessing = 0;
		};
/* End PBXSourcesBuildPhase section */

/* Begin PBXTargetDependency section */
		3A410D851DE82C9A00E19313 /* PBXTargetDependency */ = {
			isa = PBXTargetDependency;
			target = 3A410D691DE82C9A00E19313 /* Lighter-View-Controller */;
			targetProxy = 3A410D841DE82C9A00E19313 /* PBXContainerItemProxy */;
		};
		3A410D901DE82C9A00E19313 /* PBXTargetDependency */ = {
			isa = PBXTargetDependency;
			target = 3A410D691DE82C9A00E19313 /* Lighter-View-Controller */;
			targetProxy = 3A410D8F1DE82C9A00E19313 /* PBXContainerItemProxy */;
		};
/* End PBXTargetDependency section */

/* Begin PBXVariantGroup section */
		3A410D761DE82C9A00E19313 /* Main.storyboard */ = {
			isa = PBXVariantGroup;
			children = (
				3A410D771DE82C9A00E19313 /* Base */,
			);
			name = Main.storyboard;
			sourceTree = "<group>";
		};
		3A410D7B1DE82C9A00E19313 /* LaunchScreen.storyboard */ = {
			isa = PBXVariantGroup;
			children = (
				3A410D7C1DE82C9A00E19313 /* Base */,
			);
			name = LaunchScreen.storyboard;
			sourceTree = "<group>";
		};
/* End PBXVariantGroup section */

/* Begin XCBuildConfiguration section */
		3A410D951DE82C9A00E19313 /* Debug */ = {
			isa = XCBuildConfiguration;
			buildSettings = {
				ALWAYS_SEARCH_USER_PATHS = NO;
				CLANG_ANALYZER_NONNULL = YES;
				CLANG_CXX_LANGUAGE_STANDARD = "gnu++0x";
				CLANG_CXX_LIBRARY = "libc++";
				CLANG_ENABLE_MODULES = YES;
				CLANG_ENABLE_OBJC_ARC = YES;
				CLANG_WARN_BOOL_CONVERSION = YES;
				CLANG_WARN_CONSTANT_CONVERSION = YES;
				CLANG_WARN_DIRECT_OBJC_ISA_USAGE = YES_ERROR;
				CLANG_WARN_DOCUMENTATION_COMMENTS = YES;
				CLANG_WARN_EMPTY_BODY = YES;
				CLANG_WARN_ENUM_CONVERSION = YES;
				CLANG_WARN_INFINITE_RECURSION = YES;
				CLANG_WARN_INT_CONVERSION = YES;
				CLANG_WARN_OBJC_ROOT_CLASS = YES_ERROR;
				CLANG_WARN_SUSPICIOUS_MOVES = YES;
				CLANG_WARN_UNREACHABLE_CODE = YES;
				CLANG_WARN__DUPLICATE_METHOD_MATCH = YES;
				"CODE_SIGN_IDENTITY[sdk=iphoneos*]" = "iPhone Developer";
				COPY_PHASE_STRIP = NO;
				DEBUG_INFORMATION_FORMAT = dwarf;
				ENABLE_STRICT_OBJC_MSGSEND = YES;
				ENABLE_TESTABILITY = YES;
				GCC_C_LANGUAGE_STANDARD = gnu99;
				GCC_DYNAMIC_NO_PIC = NO;
				GCC_NO_COMMON_BLOCKS = YES;
				GCC_OPTIMIZATION_LEVEL = 0;
				GCC_PREPROCESSOR_DEFINITIONS = (
					"DEBUG=1",
					"$(inherited)",
				);
				GCC_WARN_64_TO_32_BIT_CONVERSION = YES;
				GCC_WARN_ABOUT_RETURN_TYPE = YES_ERROR;
				GCC_WARN_UNDECLARED_SELECTOR = YES;
				GCC_WARN_UNINITIALIZED_AUTOS = YES_AGGRESSIVE;
				GCC_WARN_UNUSED_FUNCTION = YES;
				GCC_WARN_UNUSED_VARIABLE = YES;
				IPHONEOS_DEPLOYMENT_TARGET = 10.1;
				MTL_ENABLE_DEBUG_INFO = YES;
				ONLY_ACTIVE_ARCH = YES;
				SDKROOT = iphoneos;
			};
			name = Debug;
		};
		3A410D961DE82C9A00E19313 /* Release */ = {
			isa = XCBuildConfiguration;
			buildSettings = {
				ALWAYS_SEARCH_USER_PATHS = NO;
				CLANG_ANALYZER_NONNULL = YES;
				CLANG_CXX_LANGUAGE_STANDARD = "gnu++0x";
				CLANG_CXX_LIBRARY = "libc++";
				CLANG_ENABLE_MODULES = YES;
				CLANG_ENABLE_OBJC_ARC = YES;
				CLANG_WARN_BOOL_CONVERSION = YES;
				CLANG_WARN_CONSTANT_CONVERSION = YES;
				CLANG_WARN_DIRECT_OBJC_ISA_USAGE = YES_ERROR;
				CLANG_WARN_DOCUMENTATION_COMMENTS = YES;
				CLANG_WARN_EMPTY_BODY = YES;
				CLANG_WARN_ENUM_CONVERSION = YES;
				CLANG_WARN_INFINITE_RECURSION = YES;
				CLANG_WARN_INT_CONVERSION = YES;
				CLANG_WARN_OBJC_ROOT_CLASS = YES_ERROR;
				CLANG_WARN_SUSPICIOUS_MOVES = YES;
				CLANG_WARN_UNREACHABLE_CODE = YES;
				CLANG_WARN__DUPLICATE_METHOD_MATCH = YES;
				"CODE_SIGN_IDENTITY[sdk=iphoneos*]" = "iPhone Developer";
				COPY_PHASE_STRIP = NO;
				DEBUG_INFORMATION_FORMAT = "dwarf-with-dsym";
				ENABLE_NS_ASSERTIONS = NO;
				ENABLE_STRICT_OBJC_MSGSEND = YES;
				GCC_C_LANGUAGE_STANDARD = gnu99;
				GCC_NO_COMMON_BLOCKS = YES;
				GCC_WARN_64_TO_32_BIT_CONVERSION = YES;
				GCC_WARN_ABOUT_RETURN_TYPE = YES_ERROR;
				GCC_WARN_UNDECLARED_SELECTOR = YES;
				GCC_WARN_UNINITIALIZED_AUTOS = YES_AGGRESSIVE;
				GCC_WARN_UNUSED_FUNCTION = YES;
				GCC_WARN_UNUSED_VARIABLE = YES;
				IPHONEOS_DEPLOYMENT_TARGET = 10.1;
				MTL_ENABLE_DEBUG_INFO = NO;
				SDKROOT = iphoneos;
				VALIDATE_PRODUCT = YES;
			};
			name = Release;
		};
		3A410D981DE82C9A00E19313 /* Debug */ = {
			isa = XCBuildConfiguration;
			buildSettings = {
				ASSETCATALOG_COMPILER_APPICON_NAME = AppIcon;
				DEVELOPMENT_TEAM = E8MNXPQG5U;
				GCC_PREFIX_HEADER = "$(SRCROOT)/Lighter-View-Controller/Configs/PrefixHeader.pch";
				INFOPLIST_FILE = "Lighter-View-Controller/Info.plist";
				LD_RUNPATH_SEARCH_PATHS = "$(inherited) @executable_path/Frameworks";
				PRODUCT_BUNDLE_IDENTIFIER = "com.KF.Lighter-View-Controller";
				PRODUCT_NAME = "$(TARGET_NAME)";
			};
			name = Debug;
		};
		3A410D991DE82C9A00E19313 /* Release */ = {
			isa = XCBuildConfiguration;
			buildSettings = {
				ASSETCATALOG_COMPILER_APPICON_NAME = AppIcon;
				DEVELOPMENT_TEAM = E8MNXPQG5U;
				GCC_PREFIX_HEADER = "$(SRCROOT)/Lighter-View-Controller/Configs/PrefixHeader.pch";
				INFOPLIST_FILE = "Lighter-View-Controller/Info.plist";
				LD_RUNPATH_SEARCH_PATHS = "$(inherited) @executable_path/Frameworks";
				PRODUCT_BUNDLE_IDENTIFIER = "com.KF.Lighter-View-Controller";
				PRODUCT_NAME = "$(TARGET_NAME)";
			};
			name = Release;
		};
		3A410D9B1DE82C9A00E19313 /* Debug */ = {
			isa = XCBuildConfiguration;
			buildSettings = {
				BUNDLE_LOADER = "$(TEST_HOST)";
				DEVELOPMENT_TEAM = E8MNXPQG5U;
				INFOPLIST_FILE = "Lighter-View-ControllerTests/Info.plist";
				LD_RUNPATH_SEARCH_PATHS = "$(inherited) @executable_path/Frameworks @loader_path/Frameworks";
				PRODUCT_BUNDLE_IDENTIFIER = "com.KF.Lighter-View-ControllerTests";
				PRODUCT_NAME = "$(TARGET_NAME)";
				TEST_HOST = "$(BUILT_PRODUCTS_DIR)/Lighter-View-Controller.app/Lighter-View-Controller";
			};
			name = Debug;
		};
		3A410D9C1DE82C9A00E19313 /* Release */ = {
			isa = XCBuildConfiguration;
			buildSettings = {
				BUNDLE_LOADER = "$(TEST_HOST)";
				DEVELOPMENT_TEAM = E8MNXPQG5U;
				INFOPLIST_FILE = "Lighter-View-ControllerTests/Info.plist";
				LD_RUNPATH_SEARCH_PATHS = "$(inherited) @executable_path/Frameworks @loader_path/Frameworks";
				PRODUCT_BUNDLE_IDENTIFIER = "com.KF.Lighter-View-ControllerTests";
				PRODUCT_NAME = "$(TARGET_NAME)";
				TEST_HOST = "$(BUILT_PRODUCTS_DIR)/Lighter-View-Controller.app/Lighter-View-Controller";
			};
			name = Release;
		};
		3A410D9E1DE82C9A00E19313 /* Debug */ = {
			isa = XCBuildConfiguration;
			buildSettings = {
				DEVELOPMENT_TEAM = E8MNXPQG5U;
				INFOPLIST_FILE = "Lighter-View-ControllerUITests/Info.plist";
				LD_RUNPATH_SEARCH_PATHS = "$(inherited) @executable_path/Frameworks @loader_path/Frameworks";
				PRODUCT_BUNDLE_IDENTIFIER = "com.KF.Lighter-View-ControllerUITests";
				PRODUCT_NAME = "$(TARGET_NAME)";
				TEST_TARGET_NAME = "Lighter-View-Controller";
			};
			name = Debug;
		};
		3A410D9F1DE82C9A00E19313 /* Release */ = {
			isa = XCBuildConfiguration;
			buildSettings = {
				DEVELOPMENT_TEAM = E8MNXPQG5U;
				INFOPLIST_FILE = "Lighter-View-ControllerUITests/Info.plist";
				LD_RUNPATH_SEARCH_PATHS = "$(inherited) @executable_path/Frameworks @loader_path/Frameworks";
				PRODUCT_BUNDLE_IDENTIFIER = "com.KF.Lighter-View-ControllerUITests";
				PRODUCT_NAME = "$(TARGET_NAME)";
				TEST_TARGET_NAME = "Lighter-View-Controller";
			};
			name = Release;
		};
/* End XCBuildConfiguration section */

/* Begin XCConfigurationList section */
		3A410D651DE82C9A00E19313 /* Build configuration list for PBXProject "Lighter-View-Controller" */ = {
			isa = XCConfigurationList;
			buildConfigurations = (
				3A410D951DE82C9A00E19313 /* Debug */,
				3A410D961DE82C9A00E19313 /* Release */,
			);
			defaultConfigurationIsVisible = 0;
			defaultConfigurationName = Release;
		};
		3A410D971DE82C9A00E19313 /* Build configuration list for PBXNativeTarget "Lighter-View-Controller" */ = {
			isa = XCConfigurationList;
			buildConfigurations = (
				3A410D981DE82C9A00E19313 /* Debug */,
				3A410D991DE82C9A00E19313 /* Release */,
			);
			defaultConfigurationIsVisible = 0;
			defaultConfigurationName = Release;
		};
		3A410D9A1DE82C9A00E19313 /* Build configuration list for PBXNativeTarget "Lighter-View-ControllerTests" */ = {
			isa = XCConfigurationList;
			buildConfigurations = (
				3A410D9B1DE82C9A00E19313 /* Debug */,
				3A410D9C1DE82C9A00E19313 /* Release */,
			);
			defaultConfigurationIsVisible = 0;
			defaultConfigurationName = Release;
		};
		3A410D9D1DE82C9A00E19313 /* Build configuration list for PBXNativeTarget "Lighter-View-ControllerUITests" */ = {
			isa = XCConfigurationList;
			buildConfigurations = (
				3A410D9E1DE82C9A00E19313 /* Debug */,
				3A410D9F1DE82C9A00E19313 /* Release */,
			);
			defaultConfigurationIsVisible = 0;
			defaultConfigurationName = Release;
		};
/* End XCConfigurationList section */
	};
	rootObject = 3A410D621DE82C9A00E19313 /* Project object */;
}
